// !$*UTF8*$!
{
	archiveVersion = 1;
	classes = {
	};
	objectVersion = 56;
	objects = {

/* Begin PBXBuildFile section */
		0F0D46C12A8EB459004DC4B2 /* PhotoGalleryApp.swift in Sources */ = {isa = PBXBuildFile; fileRef = 0F0D46C02A8EB459004DC4B2 /* PhotoGalleryApp.swift */; };
		0F0D46C32A8EB459004DC4B2 /* ContentView.swift in Sources */ = {isa = PBXBuildFile; fileRef = 0F0D46C22A8EB459004DC4B2 /* ContentView.swift */; };
		0F0D46C52A8EB45A004DC4B2 /* Assets.xcassets in Resources */ = {isa = PBXBuildFile; fileRef = 0F0D46C42A8EB45A004DC4B2 /* Assets.xcassets */; };
		0F0D46C82A8EB45A004DC4B2 /* Preview Assets.xcassets in Resources */ = {isa = PBXBuildFile; fileRef = 0F0D46C72A8EB45A004DC4B2 /* Preview Assets.xcassets */; };
		0F0D46D02A8EB862004DC4B2 /* LoginFormView.swift in Sources */ = {isa = PBXBuildFile; fileRef = 0F0D46CF2A8EB862004DC4B2 /* LoginFormView.swift */; };
		0F0D46D32A90BF08004DC4B2 /* ApiService.swift in Sources */ = {isa = PBXBuildFile; fileRef = 0F0D46D22A90BF08004DC4B2 /* ApiService.swift */; };
		0F0D46D62A90BF49004DC4B2 /* User.swift in Sources */ = {isa = PBXBuildFile; fileRef = 0F0D46D52A90BF49004DC4B2 /* User.swift */; };
		0F0D46D82A90BF50004DC4B2 /* MyImage.swift in Sources */ = {isa = PBXBuildFile; fileRef = 0F0D46D72A90BF50004DC4B2 /* MyImage.swift */; };
		0F0D46DA2A90BF59004DC4B2 /* ImageResponse.swift in Sources */ = {isa = PBXBuildFile; fileRef = 0F0D46D92A90BF59004DC4B2 /* ImageResponse.swift */; };
		0F0D46DC2A90C403004DC4B2 /* RegisterFormView.swift in Sources */ = {isa = PBXBuildFile; fileRef = 0F0D46DB2A90C403004DC4B2 /* RegisterFormView.swift */; };
		0F0D46DE2A90C959004DC4B2 /* CategoryListView.swift in Sources */ = {isa = PBXBuildFile; fileRef = 0F0D46DD2A90C959004DC4B2 /* CategoryListView.swift */; };
		0F0D46E02A940721004DC4B2 /* ImageListView.swift in Sources */ = {isa = PBXBuildFile; fileRef = 0F0D46DF2A940721004DC4B2 /* ImageListView.swift */; };
		0F0D46E22A940E89004DC4B2 /* SelectedImagePopupView.swift in Sources */ = {isa = PBXBuildFile; fileRef = 0F0D46E12A940E89004DC4B2 /* SelectedImagePopupView.swift */; };
		0F0D46E42A941008004DC4B2 /* URLImage.swift in Sources */ = {isa = PBXBuildFile; fileRef = 0F0D46E32A941008004DC4B2 /* URLImage.swift */; };
		0F0D46E62A951ED7004DC4B2 /* TestImageList.swift in Sources */ = {isa = PBXBuildFile; fileRef = 0F0D46E52A951ED7004DC4B2 /* TestImageList.swift */; };
		0F0D46E92A954D89004DC4B2 /* FileUploadView.swift in Sources */ = {isa = PBXBuildFile; fileRef = 0F0D46E82A954D89004DC4B2 /* FileUploadView.swift */; };
		0F0D46EC2A955781004DC4B2 /* FilePicker in Frameworks */ = {isa = PBXBuildFile; productRef = 0F0D46EB2A955781004DC4B2 /* FilePicker */; };
		0F0D46EF2A956214004DC4B2 /* Alamofire in Frameworks */ = {isa = PBXBuildFile; productRef = 0F0D46EE2A956214004DC4B2 /* Alamofire */; };
		0F0D46F12A96B3EA004DC4B2 /* TestFilters.swift in Sources */ = {isa = PBXBuildFile; fileRef = 0F0D46F02A96B3EA004DC4B2 /* TestFilters.swift */; };
		0F0D46F32A9A982A004DC4B2 /* FiltersView.swift in Sources */ = {isa = PBXBuildFile; fileRef = 0F0D46F22A9A982A004DC4B2 /* FiltersView.swift */; };
		0F0D46F52A9B5403004DC4B2 /* DockNavigationView.swift in Sources */ = {isa = PBXBuildFile; fileRef = 0F0D46F42A9B5403004DC4B2 /* DockNavigationView.swift */; };
		0F0D46F72A9B647B004DC4B2 /* LayoutTest.swift in Sources */ = {isa = PBXBuildFile; fileRef = 0F0D46F62A9B647B004DC4B2 /* LayoutTest.swift */; };
		0F0D46F92A9B736B004DC4B2 /* OldLoginView.swift in Sources */ = {isa = PBXBuildFile; fileRef = 0F0D46F82A9B736B004DC4B2 /* OldLoginView.swift */; };
		0F0D46FB2A9B7EF9004DC4B2 /* ImageList.swift in Sources */ = {isa = PBXBuildFile; fileRef = 0F0D46FA2A9B7EF9004DC4B2 /* ImageList.swift */; };
		0F0D46FD2A9B7F21004DC4B2 /* CustomBackButton.swift in Sources */ = {isa = PBXBuildFile; fileRef = 0F0D46FC2A9B7F21004DC4B2 /* CustomBackButton.swift */; };
		0F0D47002A9B911E004DC4B2 /* StringExtension.swift in Sources */ = {isa = PBXBuildFile; fileRef = 0F0D46FF2A9B911E004DC4B2 /* StringExtension.swift */; };
		0F0D47022A9BA28C004DC4B2 /* SettingsView.swift in Sources */ = {isa = PBXBuildFile; fileRef = 0F0D47012A9BA28C004DC4B2 /* SettingsView.swift */; };
		0F0D47042A9BB5E6004DC4B2 /* ColorExtension.swift in Sources */ = {isa = PBXBuildFile; fileRef = 0F0D47032A9BB5E6004DC4B2 /* ColorExtension.swift */; };
		0F0D47062A9BB762004DC4B2 /* ChangePasswordView.swift in Sources */ = {isa = PBXBuildFile; fileRef = 0F0D47052A9BB762004DC4B2 /* ChangePasswordView.swift */; };
		0F0D47082A9BE7CE004DC4B2 /* InvalidInputModifier.swift in Sources */ = {isa = PBXBuildFile; fileRef = 0F0D47072A9BE7CE004DC4B2 /* InvalidInputModifier.swift */; };
/* End PBXBuildFile section */

/* Begin PBXFileReference section */
		0F0D46BD2A8EB459004DC4B2 /* PhotoGalleryApp.app */ = {isa = PBXFileReference; explicitFileType = wrapper.application; includeInIndex = 0; path = PhotoGalleryApp.app; sourceTree = BUILT_PRODUCTS_DIR; };
		0F0D46C02A8EB459004DC4B2 /* PhotoGalleryApp.swift */ = {isa = PBXFileReference; lastKnownFileType = sourcecode.swift; path = PhotoGalleryApp.swift; sourceTree = "<group>"; };
		0F0D46C22A8EB459004DC4B2 /* ContentView.swift */ = {isa = PBXFileReference; lastKnownFileType = sourcecode.swift; path = ContentView.swift; sourceTree = "<group>"; };
		0F0D46C42A8EB45A004DC4B2 /* Assets.xcassets */ = {isa = PBXFileReference; lastKnownFileType = folder.assetcatalog; path = Assets.xcassets; sourceTree = "<group>"; };
		0F0D46C72A8EB45A004DC4B2 /* Preview Assets.xcassets */ = {isa = PBXFileReference; lastKnownFileType = folder.assetcatalog; path = "Preview Assets.xcassets"; sourceTree = "<group>"; };
		0F0D46CF2A8EB862004DC4B2 /* LoginFormView.swift */ = {isa = PBXFileReference; lastKnownFileType = sourcecode.swift; path = LoginFormView.swift; sourceTree = "<group>"; };
		0F0D46D22A90BF08004DC4B2 /* ApiService.swift */ = {isa = PBXFileReference; lastKnownFileType = sourcecode.swift; path = ApiService.swift; sourceTree = "<group>"; };
		0F0D46D52A90BF49004DC4B2 /* User.swift */ = {isa = PBXFileReference; lastKnownFileType = sourcecode.swift; path = User.swift; sourceTree = "<group>"; };
		0F0D46D72A90BF50004DC4B2 /* MyImage.swift */ = {isa = PBXFileReference; lastKnownFileType = sourcecode.swift; path = MyImage.swift; sourceTree = "<group>"; };
		0F0D46D92A90BF59004DC4B2 /* ImageResponse.swift */ = {isa = PBXFileReference; lastKnownFileType = sourcecode.swift; path = ImageResponse.swift; sourceTree = "<group>"; };
		0F0D46DB2A90C403004DC4B2 /* RegisterFormView.swift */ = {isa = PBXFileReference; lastKnownFileType = sourcecode.swift; path = RegisterFormView.swift; sourceTree = "<group>"; };
		0F0D46DD2A90C959004DC4B2 /* CategoryListView.swift */ = {isa = PBXFileReference; lastKnownFileType = sourcecode.swift; path = CategoryListView.swift; sourceTree = "<group>"; };
		0F0D46DF2A940721004DC4B2 /* ImageListView.swift */ = {isa = PBXFileReference; lastKnownFileType = sourcecode.swift; path = ImageListView.swift; sourceTree = "<group>"; };
		0F0D46E12A940E89004DC4B2 /* SelectedImagePopupView.swift */ = {isa = PBXFileReference; lastKnownFileType = sourcecode.swift; path = SelectedImagePopupView.swift; sourceTree = "<group>"; };
		0F0D46E32A941008004DC4B2 /* URLImage.swift */ = {isa = PBXFileReference; lastKnownFileType = sourcecode.swift; path = URLImage.swift; sourceTree = "<group>"; };
		0F0D46E52A951ED7004DC4B2 /* TestImageList.swift */ = {isa = PBXFileReference; lastKnownFileType = sourcecode.swift; path = TestImageList.swift; sourceTree = "<group>"; };
		0F0D46E82A954D89004DC4B2 /* FileUploadView.swift */ = {isa = PBXFileReference; lastKnownFileType = sourcecode.swift; path = FileUploadView.swift; sourceTree = "<group>"; };
		0F0D46F02A96B3EA004DC4B2 /* TestFilters.swift */ = {isa = PBXFileReference; lastKnownFileType = sourcecode.swift; path = TestFilters.swift; sourceTree = "<group>"; };
		0F0D46F22A9A982A004DC4B2 /* FiltersView.swift */ = {isa = PBXFileReference; lastKnownFileType = sourcecode.swift; path = FiltersView.swift; sourceTree = "<group>"; };
		0F0D46F42A9B5403004DC4B2 /* DockNavigationView.swift */ = {isa = PBXFileReference; lastKnownFileType = sourcecode.swift; path = DockNavigationView.swift; sourceTree = "<group>"; };
		0F0D46F62A9B647B004DC4B2 /* LayoutTest.swift */ = {isa = PBXFileReference; lastKnownFileType = sourcecode.swift; path = LayoutTest.swift; sourceTree = "<group>"; };
		0F0D46F82A9B736B004DC4B2 /* OldLoginView.swift */ = {isa = PBXFileReference; lastKnownFileType = sourcecode.swift; path = OldLoginView.swift; sourceTree = "<group>"; };
		0F0D46FA2A9B7EF9004DC4B2 /* ImageList.swift */ = {isa = PBXFileReference; lastKnownFileType = sourcecode.swift; path = ImageList.swift; sourceTree = "<group>"; };
		0F0D46FC2A9B7F21004DC4B2 /* CustomBackButton.swift */ = {isa = PBXFileReference; lastKnownFileType = sourcecode.swift; path = CustomBackButton.swift; sourceTree = "<group>"; };
		0F0D46FF2A9B911E004DC4B2 /* StringExtension.swift */ = {isa = PBXFileReference; lastKnownFileType = sourcecode.swift; path = StringExtension.swift; sourceTree = "<group>"; };
		0F0D47012A9BA28C004DC4B2 /* SettingsView.swift */ = {isa = PBXFileReference; lastKnownFileType = sourcecode.swift; path = SettingsView.swift; sourceTree = "<group>"; };
		0F0D47032A9BB5E6004DC4B2 /* ColorExtension.swift */ = {isa = PBXFileReference; lastKnownFileType = sourcecode.swift; path = ColorExtension.swift; sourceTree = "<group>"; };
		0F0D47052A9BB762004DC4B2 /* ChangePasswordView.swift */ = {isa = PBXFileReference; lastKnownFileType = sourcecode.swift; path = ChangePasswordView.swift; sourceTree = "<group>"; };
		0F0D47072A9BE7CE004DC4B2 /* InvalidInputModifier.swift */ = {isa = PBXFileReference; lastKnownFileType = sourcecode.swift; path = InvalidInputModifier.swift; sourceTree = "<group>"; };
/* End PBXFileReference section */

/* Begin PBXFrameworksBuildPhase section */
		0F0D46BA2A8EB459004DC4B2 /* Frameworks */ = {
			isa = PBXFrameworksBuildPhase;
			buildActionMask = 2147483647;
			files = (
				0F0D46EC2A955781004DC4B2 /* FilePicker in Frameworks */,
				0F0D46EF2A956214004DC4B2 /* Alamofire in Frameworks */,
			);
			runOnlyForDeploymentPostprocessing = 0;
		};
/* End PBXFrameworksBuildPhase section */

/* Begin PBXGroup section */
		0F0D46B42A8EB459004DC4B2 = {
			isa = PBXGroup;
			children = (
				0F0D46BF2A8EB459004DC4B2 /* PhotoGalleryApp */,
				0F0D46BE2A8EB459004DC4B2 /* Products */,
			);
			sourceTree = "<group>";
		};
		0F0D46BE2A8EB459004DC4B2 /* Products */ = {
			isa = PBXGroup;
			children = (
				0F0D46BD2A8EB459004DC4B2 /* PhotoGalleryApp.app */,
			);
			name = Products;
			sourceTree = "<group>";
		};
		0F0D46BF2A8EB459004DC4B2 /* PhotoGalleryApp */ = {
			isa = PBXGroup;
			children = (
				0F0D46FE2A9B910A004DC4B2 /* Extensions */,
				0F0D46E72A95497B004DC4B2 /* TestView */,
				0F0D46D42A90BF3C004DC4B2 /* Models */,
				0F0D46D12A90BE84004DC4B2 /* Services */,
				0F0D46CE2A8EB83D004DC4B2 /* Views */,
				0F0D46C22A8EB459004DC4B2 /* ContentView.swift */,
				0F0D46C02A8EB459004DC4B2 /* PhotoGalleryApp.swift */,
				0F0D46C42A8EB45A004DC4B2 /* Assets.xcassets */,
				0F0D46C62A8EB45A004DC4B2 /* Preview Content */,
			);
			path = PhotoGalleryApp;
			sourceTree = "<group>";
		};
		0F0D46C62A8EB45A004DC4B2 /* Preview Content */ = {
			isa = PBXGroup;
			children = (
				0F0D46C72A8EB45A004DC4B2 /* Preview Assets.xcassets */,
			);
			path = "Preview Content";
			sourceTree = "<group>";
		};
		0F0D46CE2A8EB83D004DC4B2 /* Views */ = {
			isa = PBXGroup;
			children = (
				0F0D46CF2A8EB862004DC4B2 /* LoginFormView.swift */,
				0F0D46DB2A90C403004DC4B2 /* RegisterFormView.swift */,
				0F0D46F42A9B5403004DC4B2 /* DockNavigationView.swift */,
				0F0D46DD2A90C959004DC4B2 /* CategoryListView.swift */,
				0F0D46DF2A940721004DC4B2 /* ImageListView.swift */,
				0F0D46FA2A9B7EF9004DC4B2 /* ImageList.swift */,
				0F0D46E12A940E89004DC4B2 /* SelectedImagePopupView.swift */,
				0F0D46E82A954D89004DC4B2 /* FileUploadView.swift */,
				0F0D46F22A9A982A004DC4B2 /* FiltersView.swift */,
				0F0D47012A9BA28C004DC4B2 /* SettingsView.swift */,
				0F0D47052A9BB762004DC4B2 /* ChangePasswordView.swift */,
				0F0D47072A9BE7CE004DC4B2 /* InvalidInputModifier.swift */,
				0F0D46FC2A9B7F21004DC4B2 /* CustomBackButton.swift */,
			);
			path = Views;
			sourceTree = "<group>";
		};
		0F0D46D12A90BE84004DC4B2 /* Services */ = {
			isa = PBXGroup;
			children = (
				0F0D46D22A90BF08004DC4B2 /* ApiService.swift */,
			);
			path = Services;
			sourceTree = "<group>";
		};
		0F0D46D42A90BF3C004DC4B2 /* Models */ = {
			isa = PBXGroup;
			children = (
				0F0D46D52A90BF49004DC4B2 /* User.swift */,
				0F0D46D72A90BF50004DC4B2 /* MyImage.swift */,
				0F0D46D92A90BF59004DC4B2 /* ImageResponse.swift */,
			);
			path = Models;
			sourceTree = "<group>";
		};
		0F0D46E72A95497B004DC4B2 /* TestView */ = {
			isa = PBXGroup;
			children = (
				0F0D46E32A941008004DC4B2 /* URLImage.swift */,
				0F0D46E52A951ED7004DC4B2 /* TestImageList.swift */,
				0F0D46F02A96B3EA004DC4B2 /* TestFilters.swift */,
				0F0D46F62A9B647B004DC4B2 /* LayoutTest.swift */,
				0F0D46F82A9B736B004DC4B2 /* OldLoginView.swift */,
			);
			path = TestView;
			sourceTree = "<group>";
		};
		0F0D46FE2A9B910A004DC4B2 /* Extensions */ = {
			isa = PBXGroup;
			children = (
				0F0D46FF2A9B911E004DC4B2 /* StringExtension.swift */,
				0F0D47032A9BB5E6004DC4B2 /* ColorExtension.swift */,
			);
			path = Extensions;
			sourceTree = "<group>";
		};
/* End PBXGroup section */

/* Begin PBXNativeTarget section */
		0F0D46BC2A8EB459004DC4B2 /* PhotoGalleryApp */ = {
			isa = PBXNativeTarget;
			buildConfigurationList = 0F0D46CB2A8EB45A004DC4B2 /* Build configuration list for PBXNativeTarget "PhotoGalleryApp" */;
			buildPhases = (
				0F0D46B92A8EB459004DC4B2 /* Sources */,
				0F0D46BA2A8EB459004DC4B2 /* Frameworks */,
				0F0D46BB2A8EB459004DC4B2 /* Resources */,
			);
			buildRules = (
			);
			dependencies = (
			);
			name = PhotoGalleryApp;
			packageProductDependencies = (
				0F0D46EB2A955781004DC4B2 /* FilePicker */,
				0F0D46EE2A956214004DC4B2 /* Alamofire */,
			);
			productName = PhotoGalleryApp;
			productReference = 0F0D46BD2A8EB459004DC4B2 /* PhotoGalleryApp.app */;
			productType = "com.apple.product-type.application";
		};
/* End PBXNativeTarget section */

/* Begin PBXProject section */
		0F0D46B52A8EB459004DC4B2 /* Project object */ = {
			isa = PBXProject;
			attributes = {
				BuildIndependentTargetsInParallel = 1;
				LastSwiftUpdateCheck = 1430;
				LastUpgradeCheck = 1430;
				TargetAttributes = {
					0F0D46BC2A8EB459004DC4B2 = {
						CreatedOnToolsVersion = 14.3.1;
					};
				};
			};
			buildConfigurationList = 0F0D46B82A8EB459004DC4B2 /* Build configuration list for PBXProject "PhotoGalleryApp" */;
			compatibilityVersion = "Xcode 14.0";
			developmentRegion = en;
			hasScannedForEncodings = 0;
			knownRegions = (
				en,
				Base,
			);
			mainGroup = 0F0D46B42A8EB459004DC4B2;
			packageReferences = (
				0F0D46EA2A955781004DC4B2 /* XCRemoteSwiftPackageReference "FilePicker" */,
				0F0D46ED2A956214004DC4B2 /* XCRemoteSwiftPackageReference "Alamofire" */,
			);
			productRefGroup = 0F0D46BE2A8EB459004DC4B2 /* Products */;
			projectDirPath = "";
			projectRoot = "";
			targets = (
				0F0D46BC2A8EB459004DC4B2 /* PhotoGalleryApp */,
			);
		};
/* End PBXProject section */

/* Begin PBXResourcesBuildPhase section */
		0F0D46BB2A8EB459004DC4B2 /* Resources */ = {
			isa = PBXResourcesBuildPhase;
			buildActionMask = 2147483647;
			files = (
				0F0D46C82A8EB45A004DC4B2 /* Preview Assets.xcassets in Resources */,
				0F0D46C52A8EB45A004DC4B2 /* Assets.xcassets in Resources */,
			);
			runOnlyForDeploymentPostprocessing = 0;
		};
/* End PBXResourcesBuildPhase section */

/* Begin PBXSourcesBuildPhase section */
		0F0D46B92A8EB459004DC4B2 /* Sources */ = {
			isa = PBXSourcesBuildPhase;
			buildActionMask = 2147483647;
			files = (
				0F0D46F12A96B3EA004DC4B2 /* TestFilters.swift in Sources */,
				0F0D46F32A9A982A004DC4B2 /* FiltersView.swift in Sources */,
				0F0D46C32A8EB459004DC4B2 /* ContentView.swift in Sources */,
				0F0D47042A9BB5E6004DC4B2 /* ColorExtension.swift in Sources */,
				0F0D46E22A940E89004DC4B2 /* SelectedImagePopupView.swift in Sources */,
				0F0D47022A9BA28C004DC4B2 /* SettingsView.swift in Sources */,
				0F0D46F92A9B736B004DC4B2 /* OldLoginView.swift in Sources */,
				0F0D46D82A90BF50004DC4B2 /* MyImage.swift in Sources */,
				0F0D46DA2A90BF59004DC4B2 /* ImageResponse.swift in Sources */,
				0F0D47082A9BE7CE004DC4B2 /* InvalidInputModifier.swift in Sources */,
				0F0D46F52A9B5403004DC4B2 /* DockNavigationView.swift in Sources */,
				0F0D46F72A9B647B004DC4B2 /* LayoutTest.swift in Sources */,
				0F0D46FB2A9B7EF9004DC4B2 /* ImageList.swift in Sources */,
				0F0D47062A9BB762004DC4B2 /* ChangePasswordView.swift in Sources */,
				0F0D46DE2A90C959004DC4B2 /* CategoryListView.swift in Sources */,
				0F0D46D02A8EB862004DC4B2 /* LoginFormView.swift in Sources */,
				0F0D46E92A954D89004DC4B2 /* FileUploadView.swift in Sources */,
				0F0D46D32A90BF08004DC4B2 /* ApiService.swift in Sources */,
				0F0D46E42A941008004DC4B2 /* URLImage.swift in Sources */,
				0F0D46E62A951ED7004DC4B2 /* TestImageList.swift in Sources */,
				0F0D46D62A90BF49004DC4B2 /* User.swift in Sources */,
				0F0D46DC2A90C403004DC4B2 /* RegisterFormView.swift in Sources */,
				0F0D46FD2A9B7F21004DC4B2 /* CustomBackButton.swift in Sources */,
				0F0D46C12A8EB459004DC4B2 /* PhotoGalleryApp.swift in Sources */,
				0F0D47002A9B911E004DC4B2 /* StringExtension.swift in Sources */,
				0F0D46E02A940721004DC4B2 /* ImageListView.swift in Sources */,
			);
			runOnlyForDeploymentPostprocessing = 0;
		};
/* End PBXSourcesBuildPhase section */

/* Begin XCBuildConfiguration section */
		0F0D46C92A8EB45A004DC4B2 /* Debug */ = {
			isa = XCBuildConfiguration;
			buildSettings = {
				ALWAYS_SEARCH_USER_PATHS = NO;
				CLANG_ANALYZER_NONNULL = YES;
				CLANG_ANALYZER_NUMBER_OBJECT_CONVERSION = YES_AGGRESSIVE;
				CLANG_CXX_LANGUAGE_STANDARD = "gnu++20";
				CLANG_ENABLE_MODULES = YES;
				CLANG_ENABLE_OBJC_ARC = YES;
				CLANG_ENABLE_OBJC_WEAK = YES;
				CLANG_WARN_BLOCK_CAPTURE_AUTORELEASING = YES;
				CLANG_WARN_BOOL_CONVERSION = YES;
				CLANG_WARN_COMMA = YES;
				CLANG_WARN_CONSTANT_CONVERSION = YES;
				CLANG_WARN_DEPRECATED_OBJC_IMPLEMENTATIONS = YES;
				CLANG_WARN_DIRECT_OBJC_ISA_USAGE = YES_ERROR;
				CLANG_WARN_DOCUMENTATION_COMMENTS = YES;
				CLANG_WARN_EMPTY_BODY = YES;
				CLANG_WARN_ENUM_CONVERSION = YES;
				CLANG_WARN_INFINITE_RECURSION = YES;
				CLANG_WARN_INT_CONVERSION = YES;
				CLANG_WARN_NON_LITERAL_NULL_CONVERSION = YES;
				CLANG_WARN_OBJC_IMPLICIT_RETAIN_SELF = YES;
				CLANG_WARN_OBJC_LITERAL_CONVERSION = YES;
				CLANG_WARN_OBJC_ROOT_CLASS = YES_ERROR;
				CLANG_WARN_QUOTED_INCLUDE_IN_FRAMEWORK_HEADER = YES;
				CLANG_WARN_RANGE_LOOP_ANALYSIS = YES;
				CLANG_WARN_STRICT_PROTOTYPES = YES;
				CLANG_WARN_SUSPICIOUS_MOVE = YES;
				CLANG_WARN_UNGUARDED_AVAILABILITY = YES_AGGRESSIVE;
				CLANG_WARN_UNREACHABLE_CODE = YES;
				CLANG_WARN__DUPLICATE_METHOD_MATCH = YES;
				COPY_PHASE_STRIP = NO;
				DEBUG_INFORMATION_FORMAT = dwarf;
				ENABLE_STRICT_OBJC_MSGSEND = YES;
				ENABLE_TESTABILITY = YES;
				GCC_C_LANGUAGE_STANDARD = gnu11;
				GCC_DYNAMIC_NO_PIC = NO;
				GCC_NO_COMMON_BLOCKS = YES;
				GCC_OPTIMIZATION_LEVEL = 0;
				GCC_PREPROCESSOR_DEFINITIONS = (
					"DEBUG=1",
					"$(inherited)",
				);
				GCC_WARN_64_TO_32_BIT_CONVERSION = YES;
				GCC_WARN_ABOUT_RETURN_TYPE = YES_ERROR;
				GCC_WARN_UNDECLARED_SELECTOR = YES;
				GCC_WARN_UNINITIALIZED_AUTOS = YES_AGGRESSIVE;
				GCC_WARN_UNUSED_FUNCTION = YES;
				GCC_WARN_UNUSED_VARIABLE = YES;
				IPHONEOS_DEPLOYMENT_TARGET = 16.4;
				MTL_ENABLE_DEBUG_INFO = INCLUDE_SOURCE;
				MTL_FAST_MATH = YES;
				ONLY_ACTIVE_ARCH = YES;
				SDKROOT = iphoneos;
				SWIFT_ACTIVE_COMPILATION_CONDITIONS = DEBUG;
				SWIFT_OPTIMIZATION_LEVEL = "-Onone";
			};
			name = Debug;
		};
		0F0D46CA2A8EB45A004DC4B2 /* Release */ = {
			isa = XCBuildConfiguration;
			buildSettings = {
				ALWAYS_SEARCH_USER_PATHS = NO;
				CLANG_ANALYZER_NONNULL = YES;
				CLANG_ANALYZER_NUMBER_OBJECT_CONVERSION = YES_AGGRESSIVE;
				CLANG_CXX_LANGUAGE_STANDARD = "gnu++20";
				CLANG_ENABLE_MODULES = YES;
				CLANG_ENABLE_OBJC_ARC = YES;
				CLANG_ENABLE_OBJC_WEAK = YES;
				CLANG_WARN_BLOCK_CAPTURE_AUTORELEASING = YES;
				CLANG_WARN_BOOL_CONVERSION = YES;
				CLANG_WARN_COMMA = YES;
				CLANG_WARN_CONSTANT_CONVERSION = YES;
				CLANG_WARN_DEPRECATED_OBJC_IMPLEMENTATIONS = YES;
				CLANG_WARN_DIRECT_OBJC_ISA_USAGE = YES_ERROR;
				CLANG_WARN_DOCUMENTATION_COMMENTS = YES;
				CLANG_WARN_EMPTY_BODY = YES;
				CLANG_WARN_ENUM_CONVERSION = YES;
				CLANG_WARN_INFINITE_RECURSION = YES;
				CLANG_WARN_INT_CONVERSION = YES;
				CLANG_WARN_NON_LITERAL_NULL_CONVERSION = YES;
				CLANG_WARN_OBJC_IMPLICIT_RETAIN_SELF = YES;
				CLANG_WARN_OBJC_LITERAL_CONVERSION = YES;
				CLANG_WARN_OBJC_ROOT_CLASS = YES_ERROR;
				CLANG_WARN_QUOTED_INCLUDE_IN_FRAMEWORK_HEADER = YES;
				CLANG_WARN_RANGE_LOOP_ANALYSIS = YES;
				CLANG_WARN_STRICT_PROTOTYPES = YES;
				CLANG_WARN_SUSPICIOUS_MOVE = YES;
				CLANG_WARN_UNGUARDED_AVAILABILITY = YES_AGGRESSIVE;
				CLANG_WARN_UNREACHABLE_CODE = YES;
				CLANG_WARN__DUPLICATE_METHOD_MATCH = YES;
				COPY_PHASE_STRIP = NO;
				DEBUG_INFORMATION_FORMAT = "dwarf-with-dsym";
				ENABLE_NS_ASSERTIONS = NO;
				ENABLE_STRICT_OBJC_MSGSEND = YES;
				GCC_C_LANGUAGE_STANDARD = gnu11;
				GCC_NO_COMMON_BLOCKS = YES;
				GCC_WARN_64_TO_32_BIT_CONVERSION = YES;
				GCC_WARN_ABOUT_RETURN_TYPE = YES_ERROR;
				GCC_WARN_UNDECLARED_SELECTOR = YES;
				GCC_WARN_UNINITIALIZED_AUTOS = YES_AGGRESSIVE;
				GCC_WARN_UNUSED_FUNCTION = YES;
				GCC_WARN_UNUSED_VARIABLE = YES;
				IPHONEOS_DEPLOYMENT_TARGET = 16.4;
				MTL_ENABLE_DEBUG_INFO = NO;
				MTL_FAST_MATH = YES;
				SDKROOT = iphoneos;
				SWIFT_COMPILATION_MODE = wholemodule;
				SWIFT_OPTIMIZATION_LEVEL = "-O";
				VALIDATE_PRODUCT = YES;
			};
			name = Release;
		};
		0F0D46CC2A8EB45A004DC4B2 /* Debug */ = {
			isa = XCBuildConfiguration;
			buildSettings = {
				ASSETCATALOG_COMPILER_APPICON_NAME = AppIcon;
				ASSETCATALOG_COMPILER_GLOBAL_ACCENT_COLOR_NAME = AccentColor;
				CODE_SIGN_STYLE = Automatic;
				CURRENT_PROJECT_VERSION = 1;
				DEVELOPMENT_ASSET_PATHS = "\"PhotoGalleryApp/Preview Content\"";
				DEVELOPMENT_TEAM = 8BQHH4CRD4;
				ENABLE_PREVIEWS = YES;
				GENERATE_INFOPLIST_FILE = YES;
				INFOPLIST_KEY_UIApplicationSceneManifest_Generation = YES;
				INFOPLIST_KEY_UIApplicationSupportsIndirectInputEvents = YES;
				INFOPLIST_KEY_UILaunchScreen_Generation = YES;
				INFOPLIST_KEY_UISupportedInterfaceOrientations_iPad = "UIInterfaceOrientationPortrait UIInterfaceOrientationPortraitUpsideDown UIInterfaceOrientationLandscapeLeft UIInterfaceOrientationLandscapeRight";
				INFOPLIST_KEY_UISupportedInterfaceOrientations_iPhone = "UIInterfaceOrientationPortrait UIInterfaceOrientationLandscapeLeft UIInterfaceOrientationLandscapeRight";
				LD_RUNPATH_SEARCH_PATHS = (
					"$(inherited)",
					"@executable_path/Frameworks",
				);
				MARKETING_VERSION = 1.0;
				PRODUCT_BUNDLE_IDENTIFIER = pl.home.PhotoGalleryApp;
				PRODUCT_NAME = "$(TARGET_NAME)";
				SWIFT_EMIT_LOC_STRINGS = YES;
				SWIFT_VERSION = 5.0;
				TARGETED_DEVICE_FAMILY = "1,2";
			};
			name = Debug;
		};
		0F0D46CD2A8EB45A004DC4B2 /* Release */ = {
			isa = XCBuildConfiguration;
			buildSettings = {
				ASSETCATALOG_COMPILER_APPICON_NAME = AppIcon;
				ASSETCATALOG_COMPILER_GLOBAL_ACCENT_COLOR_NAME = AccentColor;
				CODE_SIGN_STYLE = Automatic;
				CURRENT_PROJECT_VERSION = 1;
				DEVELOPMENT_ASSET_PATHS = "\"PhotoGalleryApp/Preview Content\"";
				DEVELOPMENT_TEAM = 8BQHH4CRD4;
				ENABLE_PREVIEWS = YES;
				GENERATE_INFOPLIST_FILE = YES;
				INFOPLIST_KEY_UIApplicationSceneManifest_Generation = YES;
				INFOPLIST_KEY_UIApplicationSupportsIndirectInputEvents = YES;
				INFOPLIST_KEY_UILaunchScreen_Generation = YES;
				INFOPLIST_KEY_UISupportedInterfaceOrientations_iPad = "UIInterfaceOrientationPortrait UIInterfaceOrientationPortraitUpsideDown UIInterfaceOrientationLandscapeLeft UIInterfaceOrientationLandscapeRight";
				INFOPLIST_KEY_UISupportedInterfaceOrientations_iPhone = "UIInterfaceOrientationPortrait UIInterfaceOrientationLandscapeLeft UIInterfaceOrientationLandscapeRight";
				LD_RUNPATH_SEARCH_PATHS = (
					"$(inherited)",
					"@executable_path/Frameworks",
				);
				MARKETING_VERSION = 1.0;
				PRODUCT_BUNDLE_IDENTIFIER = pl.home.PhotoGalleryApp;
				PRODUCT_NAME = "$(TARGET_NAME)";
				SWIFT_EMIT_LOC_STRINGS = YES;
				SWIFT_VERSION = 5.0;
				TARGETED_DEVICE_FAMILY = "1,2";
			};
			name = Release;
		};
/* End XCBuildConfiguration section */

/* Begin XCConfigurationList section */
		0F0D46B82A8EB459004DC4B2 /* Build configuration list for PBXProject "PhotoGalleryApp" */ = {
			isa = XCConfigurationList;
			buildConfigurations = (
				0F0D46C92A8EB45A004DC4B2 /* Debug */,
				0F0D46CA2A8EB45A004DC4B2 /* Release */,
			);
			defaultConfigurationIsVisible = 0;
			defaultConfigurationName = Release;
		};
		0F0D46CB2A8EB45A004DC4B2 /* Build configuration list for PBXNativeTarget "PhotoGalleryApp" */ = {
			isa = XCConfigurationList;
			buildConfigurations = (
				0F0D46CC2A8EB45A004DC4B2 /* Debug */,
				0F0D46CD2A8EB45A004DC4B2 /* Release */,
			);
			defaultConfigurationIsVisible = 0;
			defaultConfigurationName = Release;
		};
/* End XCConfigurationList section */

/* Begin XCRemoteSwiftPackageReference section */
		0F0D46EA2A955781004DC4B2 /* XCRemoteSwiftPackageReference "FilePicker" */ = {
			isa = XCRemoteSwiftPackageReference;
			repositoryURL = "https://github.com/markrenaud/FilePicker";
			requirement = {
				kind = upToNextMajorVersion;
				minimumVersion = 1.0.0;
			};
		};
		0F0D46ED2A956214004DC4B2 /* XCRemoteSwiftPackageReference "Alamofire" */ = {
			isa = XCRemoteSwiftPackageReference;
			repositoryURL = "https://github.com/Alamofire/Alamofire.git";
			requirement = {
				kind = upToNextMajorVersion;
				minimumVersion = 5.0.0;
			};
		};
/* End XCRemoteSwiftPackageReference section */

/* Begin XCSwiftPackageProductDependency section */
		0F0D46EB2A955781004DC4B2 /* FilePicker */ = {
			isa = XCSwiftPackageProductDependency;
			package = 0F0D46EA2A955781004DC4B2 /* XCRemoteSwiftPackageReference "FilePicker" */;
			productName = FilePicker;
		};
		0F0D46EE2A956214004DC4B2 /* Alamofire */ = {
			isa = XCSwiftPackageProductDependency;
			package = 0F0D46ED2A956214004DC4B2 /* XCRemoteSwiftPackageReference "Alamofire" */;
			productName = Alamofire;
		};
/* End XCSwiftPackageProductDependency section */
	};
	rootObject = 0F0D46B52A8EB459004DC4B2 /* Project object */;
}
